
Microsoft Visual Studio Solution File, Format Version 12.00
# Visual Studio 15
VisualStudioVersion = 15.0.27703.2042
MinimumVisualStudioVersion = 10.0.40219.1
Project("{9A19103F-16F7-4668-BE54-9A1E7A4F7556}") = "CoreBDD.Samples", "samples\CoreBDD.Samples.csproj", "{69B40923-6A34-4379-A0C3-2A41AF293E75}"
EndProject
Project("{9A19103F-16F7-4668-BE54-9A1E7A4F7556}") = "CoreBDD", "src\CoreBDD\CoreBDD.csproj", "{84CFD362-121B-4B7D-BB16-C5E1602E7ABD}"
EndProject
Project("{9A19103F-16F7-4668-BE54-9A1E7A4F7556}") = "CoreBDD.SpecGeneration", "src\CoreBDD.SpecGeneration\CoreBDD.SpecGeneration.csproj", "{9F0510C4-1024-4B72-83D7-C36B74527E70}"
EndProject
Global
	GlobalSection(SolutionConfigurationPlatforms) = preSolution
		Debug|Any CPU = Debug|Any CPU
		Release|Any CPU = Release|Any CPU
	EndGlobalSection
	GlobalSection(ProjectConfigurationPlatforms) = postSolution
		{69B40923-6A34-4379-A0C3-2A41AF293E75}.Debug|Any CPU.ActiveCfg = Debug|Any CPU
		{69B40923-6A34-4379-A0C3-2A41AF293E75}.Debug|Any CPU.Build.0 = Debug|Any CPU
		{69B40923-6A34-4379-A0C3-2A41AF293E75}.Release|Any CPU.ActiveCfg = Release|Any CPU
		{69B40923-6A34-4379-A0C3-2A41AF293E75}.Release|Any CPU.Build.0 = Release|Any CPU
		{84CFD362-121B-4B7D-BB16-C5E1602E7ABD}.Debug|Any CPU.ActiveCfg = Debug|Any CPU
		{84CFD362-121B-4B7D-BB16-C5E1602E7ABD}.Debug|Any CPU.Build.0 = Debug|Any CPU
		{84CFD362-121B-4B7D-BB16-C5E1602E7ABD}.Release|Any CPU.ActiveCfg = Release|Any CPU
		{84CFD362-121B-4B7D-BB16-C5E1602E7ABD}.Release|Any CPU.Build.0 = Release|Any CPU
		{9F0510C4-1024-4B72-83D7-C36B74527E70}.Debug|Any CPU.ActiveCfg = Debug|Any CPU
		{9F0510C4-1024-4B72-83D7-C36B74527E70}.Debug|Any CPU.Build.0 = Debug|Any CPU
		{9F0510C4-1024-4B72-83D7-C36B74527E70}.Release|Any CPU.ActiveCfg = Release|Any CPU
		{9F0510C4-1024-4B72-83D7-C36B74527E70}.Release|Any CPU.Build.0 = Release|Any CPU
	EndGlobalSection
	GlobalSection(SolutionProperties) = preSolution
		HideSolutionNode = FALSE
	EndGlobalSection
	GlobalSection(ExtensibilityGlobals) = postSolution
		SolutionGuid = {08FFE4E1-448A-4ED0-9C82-631D3EACC982}
	EndGlobalSection
EndGlobal
