
Microsoft Visual Studio Solution File, Format Version 12.00
# Visual Studio 15
VisualStudioVersion = 15.0.27703.2042
MinimumVisualStudioVersion = 10.0.40219.1
Project("{9A19103F-16F7-4668-BE54-9A1E7A4F7556}") = "CoreBDD.Samples", "samples\CoreBDD.Samples.csproj", "{69B40923-6A34-4379-A0C3-2A41AF293E75}"
EndProject
Project("{9A19103F-16F7-4668-BE54-9A1E7A4F7556}") = "CoreBDD", "src\CoreBDD\CoreBDD.csproj", "{84CFD362-121B-4B7D-BB16-C5E1602E7ABD}"
EndProject
Project("{9A19103F-16F7-4668-BE54-9A1E7A4F7556}") = "CoreBDD.SpecGeneration", "src\CoreBDD.SpecGeneration\CoreBDD.SpecGeneration.csproj", "{9F0510C4-1024-4B72-83D7-C36B74527E70}"
EndProject
Project("{2150E333-8FDC-42A3-9474-1A3956D46DE8}") = "src", "src", "{77DCD823-4AEB-4801-9E09-FF14FF29550D}"
EndProject
Project("{9A19103F-16F7-4668-BE54-9A1E7A4F7556}") = "CoreBDD.CommandLine", "src\CoreBDD.CommandLine\CoreBDD.CommandLine.csproj", "{877A82A4-4D9C-4676-A6E9-1A196D32FE99}"
EndProject
Project("{2150E333-8FDC-42A3-9474-1A3956D46DE8}") = "samples", "samples", "{73F109C3-9AD0-491F-98F2-92BD39C9AAE0}"
EndProject
Project("{2150E333-8FDC-42A3-9474-1A3956D46DE8}") = "tests", "tests", "{08EC29B0-3EC0-45C5-B8C6-FF9842FD7C82}"
EndProject
Project("{9A19103F-16F7-4668-BE54-9A1E7A4F7556}") = "CoreBDD.Tests", "tests\CoreBDD.Tests.csproj", "{532324D9-D629-4183-8637-76C754AB84F8}"
EndProject
Project("{9A19103F-16F7-4668-BE54-9A1E7A4F7556}") = "CoreBDD.ProjectTemplate", "src\CoreBDD.ProjectTemplate\content\CoreBDD.ProjectTemplate.csproj", "{9897AF97-AC35-4F86-A9A4-1170EE6898D9}"
EndProject
Global
	GlobalSection(SolutionConfigurationPlatforms) = preSolution
		Debug|Any CPU = Debug|Any CPU
		Release|Any CPU = Release|Any CPU
	EndGlobalSection
	GlobalSection(ProjectConfigurationPlatforms) = postSolution
		{69B40923-6A34-4379-A0C3-2A41AF293E75}.Debug|Any CPU.ActiveCfg = Debug|Any CPU
		{69B40923-6A34-4379-A0C3-2A41AF293E75}.Debug|Any CPU.Build.0 = Debug|Any CPU
		{69B40923-6A34-4379-A0C3-2A41AF293E75}.Release|Any CPU.ActiveCfg = Release|Any CPU
		{69B40923-6A34-4379-A0C3-2A41AF293E75}.Release|Any CPU.Build.0 = Release|Any CPU
		{84CFD362-121B-4B7D-BB16-C5E1602E7ABD}.Debug|Any CPU.ActiveCfg = Debug|Any CPU
		{84CFD362-121B-4B7D-BB16-C5E1602E7ABD}.Debug|Any CPU.Build.0 = Debug|Any CPU
		{84CFD362-121B-4B7D-BB16-C5E1602E7ABD}.Release|Any CPU.ActiveCfg = Release|Any CPU
		{84CFD362-121B-4B7D-BB16-C5E1602E7ABD}.Release|Any CPU.Build.0 = Release|Any CPU
		{9F0510C4-1024-4B72-83D7-C36B74527E70}.Debug|Any CPU.ActiveCfg = Debug|Any CPU
		{9F0510C4-1024-4B72-83D7-C36B74527E70}.Debug|Any CPU.Build.0 = Debug|Any CPU
		{9F0510C4-1024-4B72-83D7-C36B74527E70}.Release|Any CPU.ActiveCfg = Release|Any CPU
		{9F0510C4-1024-4B72-83D7-C36B74527E70}.Release|Any CPU.Build.0 = Release|Any CPU
		{877A82A4-4D9C-4676-A6E9-1A196D32FE99}.Debug|Any CPU.ActiveCfg = Debug|Any CPU
		{877A82A4-4D9C-4676-A6E9-1A196D32FE99}.Debug|Any CPU.Build.0 = Debug|Any CPU
		{877A82A4-4D9C-4676-A6E9-1A196D32FE99}.Release|Any CPU.ActiveCfg = Release|Any CPU
		{877A82A4-4D9C-4676-A6E9-1A196D32FE99}.Release|Any CPU.Build.0 = Release|Any CPU
		{532324D9-D629-4183-8637-76C754AB84F8}.Debug|Any CPU.ActiveCfg = Debug|Any CPU
		{532324D9-D629-4183-8637-76C754AB84F8}.Debug|Any CPU.Build.0 = Debug|Any CPU
		{532324D9-D629-4183-8637-76C754AB84F8}.Release|Any CPU.ActiveCfg = Release|Any CPU
		{532324D9-D629-4183-8637-76C754AB84F8}.Release|Any CPU.Build.0 = Release|Any CPU
		{9897AF97-AC35-4F86-A9A4-1170EE6898D9}.Debug|Any CPU.ActiveCfg = Debug|Any CPU
		{9897AF97-AC35-4F86-A9A4-1170EE6898D9}.Debug|Any CPU.Build.0 = Debug|Any CPU
		{9897AF97-AC35-4F86-A9A4-1170EE6898D9}.Release|Any CPU.ActiveCfg = Release|Any CPU
		{9897AF97-AC35-4F86-A9A4-1170EE6898D9}.Release|Any CPU.Build.0 = Release|Any CPU
	EndGlobalSection
	GlobalSection(SolutionProperties) = preSolution
		HideSolutionNode = FALSE
	EndGlobalSection
	GlobalSection(NestedProjects) = preSolution
		{69B40923-6A34-4379-A0C3-2A41AF293E75} = {73F109C3-9AD0-491F-98F2-92BD39C9AAE0}
		{84CFD362-121B-4B7D-BB16-C5E1602E7ABD} = {77DCD823-4AEB-4801-9E09-FF14FF29550D}
		{9F0510C4-1024-4B72-83D7-C36B74527E70} = {77DCD823-4AEB-4801-9E09-FF14FF29550D}
		{877A82A4-4D9C-4676-A6E9-1A196D32FE99} = {77DCD823-4AEB-4801-9E09-FF14FF29550D}
		{532324D9-D629-4183-8637-76C754AB84F8} = {08EC29B0-3EC0-45C5-B8C6-FF9842FD7C82}
		{9897AF97-AC35-4F86-A9A4-1170EE6898D9} = {77DCD823-4AEB-4801-9E09-FF14FF29550D}
	EndGlobalSection
	GlobalSection(ExtensibilityGlobals) = postSolution
		SolutionGuid = {08FFE4E1-448A-4ED0-9C82-631D3EACC982}
	EndGlobalSection
EndGlobal
